
Microsoft Visual Studio Solution File, Format Version 12.00
# Visual Studio 15
VisualStudioVersion = 15.0.26228.98
MinimumVisualStudioVersion = 10.0.40219.1
Project("{D954291E-2A0B-460D-934E-DC6B0785DB48}") = "App1", "App1\App1\App1.shproj", "{67CC9D35-7385-4307-9F2D-8397F2FE55AB}"
EndProject
Project("{FAE04EC0-301F-11D3-BF4B-00C04F79EFBC}") = "App1.Android", "App1\App1.Android\App1.Android.csproj", "{5ADEF12B-7327-4F14-9FEC-A629A67D27F0}"
EndProject
Project("{FAE04EC0-301F-11D3-BF4B-00C04F79EFBC}") = "App1.iOS", "App1\App1.iOS\App1.iOS.csproj", "{32100293-DF22-4DEF-966F-CCF4DA6A27D9}"
EndProject
Global
	GlobalSection(SharedMSBuildProjectFiles) = preSolution
		App1\App1\App1.projitems*{32100293-df22-4def-966f-ccf4da6a27d9}*SharedItemsImports = 4
		App1\App1\App1.projitems*{5adef12b-7327-4f14-9fec-a629a67d27f0}*SharedItemsImports = 4
		App1\App1\App1.projitems*{67cc9d35-7385-4307-9f2d-8397f2fe55ab}*SharedItemsImports = 13
	EndGlobalSection
	GlobalSection(SolutionConfigurationPlatforms) = preSolution
		Debug|Any CPU = Debug|Any CPU
		Debug|iPhone = Debug|iPhone
		Debug|iPhoneSimulator = Debug|iPhoneSimulator
		Release|Any CPU = Release|Any CPU
		Release|iPhone = Release|iPhone
		Release|iPhoneSimulator = Release|iPhoneSimulator
	EndGlobalSection
	GlobalSection(ProjectConfigurationPlatforms) = postSolution
		{5ADEF12B-7327-4F14-9FEC-A629A67D27F0}.Debug|Any CPU.ActiveCfg = Debug|Any CPU
		{5ADEF12B-7327-4F14-9FEC-A629A67D27F0}.Debug|Any CPU.Build.0 = Debug|Any CPU
		{5ADEF12B-7327-4F14-9FEC-A629A67D27F0}.Debug|Any CPU.Deploy.0 = Debug|Any CPU
		{5ADEF12B-7327-4F14-9FEC-A629A67D27F0}.Debug|iPhone.ActiveCfg = Debug|Any CPU
		{5ADEF12B-7327-4F14-9FEC-A629A67D27F0}.Debug|iPhone.Build.0 = Debug|Any CPU
		{5ADEF12B-7327-4F14-9FEC-A629A67D27F0}.Debug|iPhone.Deploy.0 = Debug|Any CPU
		{5ADEF12B-7327-4F14-9FEC-A629A67D27F0}.Debug|iPhoneSimulator.ActiveCfg = Debug|Any CPU
		{5ADEF12B-7327-4F14-9FEC-A629A67D27F0}.Debug|iPhoneSimulator.Build.0 = Debug|Any CPU
		{5ADEF12B-7327-4F14-9FEC-A629A67D27F0}.Debug|iPhoneSimulator.Deploy.0 = Debug|Any CPU
		{5ADEF12B-7327-4F14-9FEC-A629A67D27F0}.Release|Any CPU.ActiveCfg = Release|Any CPU
		{5ADEF12B-7327-4F14-9FEC-A629A67D27F0}.Release|Any CPU.Build.0 = Release|Any CPU
		{5ADEF12B-7327-4F14-9FEC-A629A67D27F0}.Release|Any CPU.Deploy.0 = Release|Any CPU
		{5ADEF12B-7327-4F14-9FEC-A629A67D27F0}.Release|iPhone.ActiveCfg = Release|Any CPU
		{5ADEF12B-7327-4F14-9FEC-A629A67D27F0}.Release|iPhone.Build.0 = Release|Any CPU
		{5ADEF12B-7327-4F14-9FEC-A629A67D27F0}.Release|iPhone.Deploy.0 = Release|Any CPU
		{5ADEF12B-7327-4F14-9FEC-A629A67D27F0}.Release|iPhoneSimulator.ActiveCfg = Release|Any CPU
		{5ADEF12B-7327-4F14-9FEC-A629A67D27F0}.Release|iPhoneSimulator.Build.0 = Release|Any CPU
		{5ADEF12B-7327-4F14-9FEC-A629A67D27F0}.Release|iPhoneSimulator.Deploy.0 = Release|Any CPU
		{32100293-DF22-4DEF-966F-CCF4DA6A27D9}.Debug|Any CPU.ActiveCfg = Debug|iPhone
		{32100293-DF22-4DEF-966F-CCF4DA6A27D9}.Debug|iPhone.ActiveCfg = Debug|iPhone
		{32100293-DF22-4DEF-966F-CCF4DA6A27D9}.Debug|iPhone.Build.0 = Debug|iPhone
		{32100293-DF22-4DEF-966F-CCF4DA6A27D9}.Debug|iPhoneSimulator.ActiveCfg = Debug|iPhoneSimulator
		{32100293-DF22-4DEF-966F-CCF4DA6A27D9}.Debug|iPhoneSimulator.Build.0 = Debug|iPhoneSimulator
		{32100293-DF22-4DEF-966F-CCF4DA6A27D9}.Release|Any CPU.ActiveCfg = Release|iPhone
		{32100293-DF22-4DEF-966F-CCF4DA6A27D9}.Release|iPhone.ActiveCfg = Release|iPhone
		{32100293-DF22-4DEF-966F-CCF4DA6A27D9}.Release|iPhone.Build.0 = Release|iPhone
		{32100293-DF22-4DEF-966F-CCF4DA6A27D9}.Release|iPhoneSimulator.ActiveCfg = Release|iPhoneSimulator
		{32100293-DF22-4DEF-966F-CCF4DA6A27D9}.Release|iPhoneSimulator.Build.0 = Release|iPhoneSimulator
	EndGlobalSection
	GlobalSection(SolutionProperties) = preSolution
		HideSolutionNode = FALSE
	EndGlobalSection
EndGlobal
